
Microsoft Visual Studio Solution File, Format Version 12.00
# Visual Studio Version 16
VisualStudioVersion = 16.0.32602.291
MinimumVisualStudioVersion = 10.0.40219.1
Project("{FAE04EC0-301F-11D3-BF4B-00C04F79EFBC}") = "TestingGroupJ", "TestingGroupJ\TestingGroupJ.csproj", "{935FBE4F-EC5E-4435-9A49-770D45A6EAFD}"
EndProject
Global
	GlobalSection(SolutionConfigurationPlatforms) = preSolution
		Debug|Any CPU = Debug|Any CPU
		Release|Any CPU = Release|Any CPU
	EndGlobalSection
	GlobalSection(ProjectConfigurationPlatforms) = postSolution
		{935FBE4F-EC5E-4435-9A49-770D45A6EAFD}.Debug|Any CPU.ActiveCfg = Debug|Any CPU
		{935FBE4F-EC5E-4435-9A49-770D45A6EAFD}.Debug|Any CPU.Build.0 = Debug|Any CPU
		{935FBE4F-EC5E-4435-9A49-770D45A6EAFD}.Release|Any CPU.ActiveCfg = Release|Any CPU
		{935FBE4F-EC5E-4435-9A49-770D45A6EAFD}.Release|Any CPU.Build.0 = Release|Any CPU
	EndGlobalSection
	GlobalSection(SolutionProperties) = preSolution
		HideSolutionNode = FALSE
	EndGlobalSection
	GlobalSection(ExtensibilityGlobals) = postSolution
		SolutionGuid = {5B1131EA-9260-4194-891B-D70855B236C3}
	EndGlobalSection
EndGlobal
